
Microsoft Visual Studio Solution File, Format Version 12.00
# Visual Studio Version 17
VisualStudioVersion = 17.11.35327.3
MinimumVisualStudioVersion = 10.0.40219.1
Project("{FAE04EC0-301F-11D3-BF4B-00C04F79EFBC}") = "PruebaLibreria", "PruebaLibreria\PruebaLibreria.csproj", "{FCA6606E-3AEA-4032-AD95-C3F8BECC9ADA}"
EndProject
Global
	GlobalSection(SolutionConfigurationPlatforms) = preSolution
		Debug|Any CPU = Debug|Any CPU
		Release|Any CPU = Release|Any CPU
	EndGlobalSection
	GlobalSection(ProjectConfigurationPlatforms) = postSolution
		{FCA6606E-3AEA-4032-AD95-C3F8BECC9ADA}.Debug|Any CPU.ActiveCfg = Debug|Any CPU
		{FCA6606E-3AEA-4032-AD95-C3F8BECC9ADA}.Debug|Any CPU.Build.0 = Debug|Any CPU
		{FCA6606E-3AEA-4032-AD95-C3F8BECC9ADA}.Release|Any CPU.ActiveCfg = Release|Any CPU
		{FCA6606E-3AEA-4032-AD95-C3F8BECC9ADA}.Release|Any CPU.Build.0 = Release|Any CPU
	EndGlobalSection
	GlobalSection(SolutionProperties) = preSolution
		HideSolutionNode = FALSE
	EndGlobalSection
	GlobalSection(ExtensibilityGlobals) = postSolution
		SolutionGuid = {3FFD9D93-391D-4AA6-B6C2-D83660CDC7CB}
	EndGlobalSection
EndGlobal
